Microsoft Visual Studio Solution File, Format Version 12.00\n# Visual Studio Version 16\nVisualStudioVersion = 16.0.31624.139\nMinimumVisualStudioVersion = 15.0.27406.0\n# Visual Studio 2010\nProject("{FAE04EC0-301E-11D3-BF4F-00C04F79EFBC}") = "Backend","Backend").csproj","{6E414683-69D7-4694-806C-3F5E350B9275}"\nEndProject\nGlobal\n  GlobalSection(SolutionConfigurationPlatforms) = preSolution\n    Debug|Any CPU = Debug|Any CPU\n    Release|Any CPU = Release|Any CPU\n  EndGlobalSection\n  GlobalSection(ProjectConfigurationPlatforms) = postSolution\n    {6E414683-69D7-4694-806C-3F5E350B9275}.Debug|Any CPU.ActiveCfg = Debug|Any CPU\n    {6E414683-69D7-4694-806C-3F5E350B9275}.Debug|Any CPU.Build.0 = Debug|Any CPU\n    {6E414683-69D7-4694-806C-3F5E350B9275}.Release|Any CPU.ActiveCfg = Release|Any CPU\n    {6E414683-69D7-4694-806C-3F5E350B9275}.Release|Any CPU.Build.0 = Release|Any CPU\n  EndGlobalSection\nEndGlobal\n